
Microsoft Visual Studio Solution File, Format Version 12.00
# Visual Studio 15
VisualStudioVersion = 15.0.27703.2042
MinimumVisualStudioVersion = 10.0.40219.1
Project("{FAE04EC0-301F-11D3-BF4B-00C04F79EFBC}") = "KillIndicator", "KillIndicator\KillIndicator.csproj", "{6302B8E0-0906-4127-9060-5DACE0919B69}"
EndProject
Global
	GlobalSection(SolutionConfigurationPlatforms) = preSolution
		Debug|Any CPU = Debug|Any CPU
		Release|Any CPU = Release|Any CPU
	EndGlobalSection
	GlobalSection(ProjectConfigurationPlatforms) = postSolution
		{6302B8E0-0906-4127-9060-5DACE0919B69}.Debug|Any CPU.ActiveCfg = Debug|Any CPU
		{6302B8E0-0906-4127-9060-5DACE0919B69}.Debug|Any CPU.Build.0 = Debug|Any CPU
		{6302B8E0-0906-4127-9060-5DACE0919B69}.Release|Any CPU.ActiveCfg = Release|Any CPU
		{6302B8E0-0906-4127-9060-5DACE0919B69}.Release|Any CPU.Build.0 = Release|Any CPU
	EndGlobalSection
	GlobalSection(SolutionProperties) = preSolution
		HideSolutionNode = FALSE
	EndGlobalSection
	GlobalSection(ExtensibilityGlobals) = postSolution
		SolutionGuid = {ACDC23E5-B45B-49CD-A806-8F354B78E934}
	EndGlobalSection
EndGlobal
